
Microsoft Visual Studio Solution File, Format Version 12.00
# Visual Studio Version 16
VisualStudioVersion = 16.0.33027.164
MinimumVisualStudioVersion = 10.0.40219.1
Project("{FAE04EC0-301F-11D3-BF4B-00C04F79EFBC}") = "appLabBasesII", "appLabBasesII\appLabBasesII.csproj", "{8F56BE00-49AD-4A94-AB60-0B4D910AB8AB}"
EndProject
Global
	GlobalSection(SolutionConfigurationPlatforms) = preSolution
		Debug|Any CPU = Debug|Any CPU
		Release|Any CPU = Release|Any CPU
	EndGlobalSection
	GlobalSection(ProjectConfigurationPlatforms) = postSolution
		{8F56BE00-49AD-4A94-AB60-0B4D910AB8AB}.Debug|Any CPU.ActiveCfg = Debug|Any CPU
		{8F56BE00-49AD-4A94-AB60-0B4D910AB8AB}.Debug|Any CPU.Build.0 = Debug|Any CPU
		{8F56BE00-49AD-4A94-AB60-0B4D910AB8AB}.Release|Any CPU.ActiveCfg = Release|Any CPU
		{8F56BE00-49AD-4A94-AB60-0B4D910AB8AB}.Release|Any CPU.Build.0 = Release|Any CPU
	EndGlobalSection
	GlobalSection(SolutionProperties) = preSolution
		HideSolutionNode = FALSE
	EndGlobalSection
	GlobalSection(ExtensibilityGlobals) = postSolution
		SolutionGuid = {19A04257-BA9E-46E1-B579-2C8ED086D3E9}
	EndGlobalSection
EndGlobal
